# THIS IS AN AUTOGENERATED FILE. DO NOT EDIT THIS FILE DIRECTLY.
# yarn lockfile v1


text-mask-addons@^3.8.0:
  version "3.8.0"
  resolved "https://registry.yarnpkg.com/text-mask-addons/-/text-mask-addons-3.8.0.tgz#17b61ef665a4f36811f2ea1f01a223b4be61ab26"
  integrity sha512-VSZSdc/tKn4zGxgpJ+uNBzoW1t472AoAFIlbw1K7hSNXz0DfSBYDJNRxLqgxOfWw1BY2z6DQpm7g0sYZn5qLpg==
